
Microsoft Visual Studio Solution File, Format Version 12.00
# Visual Studio Version 16
VisualStudioVersion = 16.0.29709.97
MinimumVisualStudioVersion = 10.0.40219.1
Project("{8BC9CEB8-8B4A-11D0-8D11-00A0C91BC942}") = "Ejer_5", "Ejer_5\Ejer_5.vcxproj", "{68192F96-0E9F-4943-AF5F-3E2A36EE75CD}"
EndProject
Global
	GlobalSection(SolutionConfigurationPlatforms) = preSolution
		Debug|x64 = Debug|x64
		Debug|x86 = Debug|x86
		Release|x64 = Release|x64
		Release|x86 = Release|x86
	EndGlobalSection
	GlobalSection(ProjectConfigurationPlatforms) = postSolution
		{68192F96-0E9F-4943-AF5F-3E2A36EE75CD}.Debug|x64.ActiveCfg = Debug|x64
		{68192F96-0E9F-4943-AF5F-3E2A36EE75CD}.Debug|x64.Build.0 = Debug|x64
		{68192F96-0E9F-4943-AF5F-3E2A36EE75CD}.Debug|x86.ActiveCfg = Debug|Win32
		{68192F96-0E9F-4943-AF5F-3E2A36EE75CD}.Debug|x86.Build.0 = Debug|Win32
		{68192F96-0E9F-4943-AF5F-3E2A36EE75CD}.Release|x64.ActiveCfg = Release|x64
		{68192F96-0E9F-4943-AF5F-3E2A36EE75CD}.Release|x64.Build.0 = Release|x64
		{68192F96-0E9F-4943-AF5F-3E2A36EE75CD}.Release|x86.ActiveCfg = Release|Win32
		{68192F96-0E9F-4943-AF5F-3E2A36EE75CD}.Release|x86.Build.0 = Release|Win32
	EndGlobalSection
	GlobalSection(SolutionProperties) = preSolution
		HideSolutionNode = FALSE
	EndGlobalSection
	GlobalSection(ExtensibilityGlobals) = postSolution
		SolutionGuid = {142DB191-14D8-483C-8266-614E6645CDFD}
	EndGlobalSection
EndGlobal
