
Microsoft Visual Studio Solution File, Format Version 12.00
# Visual Studio Version 16
VisualStudioVersion = 16.0.29709.97
MinimumVisualStudioVersion = 10.0.40219.1
Project("{8BC9CEB8-8B4A-11D0-8D11-00A0C91BC942}") = "01", "01\01.vcxproj", "{83513B7C-A7B0-47C2-AE42-DC5BBEA119CA}"
EndProject
Project("{2150E333-8FDC-42A3-9474-1A3956D46DE8}") = "Solution Items", "Solution Items", "{1419167D-D35A-4480-AA6B-A3BF684F11DF}"
	ProjectSection(SolutionItems) = preProject
		01\bintree_eda.h = 01\bintree_eda.h
	EndProjectSection
EndProject
Project("{8BC9CEB8-8B4A-11D0-8D11-00A0C91BC942}") = "02", "02\02.vcxproj", "{4272E8D7-E262-46E6-B7D1-DD752FFCD3DC}"
EndProject
Global
	GlobalSection(SolutionConfigurationPlatforms) = preSolution
		Debug|x64 = Debug|x64
		Debug|x86 = Debug|x86
		Release|x64 = Release|x64
		Release|x86 = Release|x86
	EndGlobalSection
	GlobalSection(ProjectConfigurationPlatforms) = postSolution
		{83513B7C-A7B0-47C2-AE42-DC5BBEA119CA}.Debug|x64.ActiveCfg = Debug|x64
		{83513B7C-A7B0-47C2-AE42-DC5BBEA119CA}.Debug|x64.Build.0 = Debug|x64
		{83513B7C-A7B0-47C2-AE42-DC5BBEA119CA}.Debug|x86.ActiveCfg = Debug|Win32
		{83513B7C-A7B0-47C2-AE42-DC5BBEA119CA}.Debug|x86.Build.0 = Debug|Win32
		{83513B7C-A7B0-47C2-AE42-DC5BBEA119CA}.Release|x64.ActiveCfg = Release|x64
		{83513B7C-A7B0-47C2-AE42-DC5BBEA119CA}.Release|x64.Build.0 = Release|x64
		{83513B7C-A7B0-47C2-AE42-DC5BBEA119CA}.Release|x86.ActiveCfg = Release|Win32
		{83513B7C-A7B0-47C2-AE42-DC5BBEA119CA}.Release|x86.Build.0 = Release|Win32
		{4272E8D7-E262-46E6-B7D1-DD752FFCD3DC}.Debug|x64.ActiveCfg = Debug|x64
		{4272E8D7-E262-46E6-B7D1-DD752FFCD3DC}.Debug|x64.Build.0 = Debug|x64
		{4272E8D7-E262-46E6-B7D1-DD752FFCD3DC}.Debug|x86.ActiveCfg = Debug|Win32
		{4272E8D7-E262-46E6-B7D1-DD752FFCD3DC}.Debug|x86.Build.0 = Debug|Win32
		{4272E8D7-E262-46E6-B7D1-DD752FFCD3DC}.Release|x64.ActiveCfg = Release|x64
		{4272E8D7-E262-46E6-B7D1-DD752FFCD3DC}.Release|x64.Build.0 = Release|x64
		{4272E8D7-E262-46E6-B7D1-DD752FFCD3DC}.Release|x86.ActiveCfg = Release|Win32
		{4272E8D7-E262-46E6-B7D1-DD752FFCD3DC}.Release|x86.Build.0 = Release|Win32
	EndGlobalSection
	GlobalSection(SolutionProperties) = preSolution
		HideSolutionNode = FALSE
	EndGlobalSection
	GlobalSection(ExtensibilityGlobals) = postSolution
		SolutionGuid = {8C16B12E-484A-4343-9F64-A466A694BCE0}
	EndGlobalSection
EndGlobal
