
Microsoft Visual Studio Solution File, Format Version 12.00
# Visual Studio Version 17
VisualStudioVersion = 17.2.32602.215
MinimumVisualStudioVersion = 10.0.40219.1
Project("{8BC9CEB8-8B4A-11D0-8D11-00A0C91BC942}") = "TEMA1_AVL", "TEMA1_AVL\TEMA1_AVL.vcxproj", "{25E2CAA3-D0A5-4D49-A679-4A7D42F7DBFC}"
EndProject
Project("{8BC9CEB8-8B4A-11D0-8D11-00A0C91BC942}") = "TEMA2_COLAS", "TEMA2_COLAS\TEMA2_COLAS.vcxproj", "{39FDDDB1-C0C9-439F-B793-6108B1702920}"
EndProject
Project("{8BC9CEB8-8B4A-11D0-8D11-00A0C91BC942}") = "TEMA3_COLAS2", "TEMA3_COLAS2\TEMA3_COLAS2.vcxproj", "{97675214-8182-425C-BA0A-82B019D45234}"
EndProject
Project("{8BC9CEB8-8B4A-11D0-8D11-00A0C91BC942}") = "TEMA4_GRAFOS", "TEMA4_GRAFOS\TEMA4_GRAFOS.vcxproj", "{994A7717-D2C7-4E51-9DBD-812B40AABBEA}"
EndProject
Project("{8BC9CEB8-8B4A-11D0-8D11-00A0C91BC942}") = "TEMA5_DIGRAFOS", "TEMA5_DIGRAFOS\TEMA5_DIGRAFOS.vcxproj", "{E76DF058-C789-457D-A7D6-73D81462DC26}"
EndProject
Project("{8BC9CEB8-8B4A-11D0-8D11-00A0C91BC942}") = "TEMA6_GRAFOS-VALORADOS", "TEMA6_GRAFOS-VALORADOS\TEMA6_GRAFOS-VALORADOS.vcxproj", "{56F54E0D-A0CD-4B9A-BEE2-3CA47A3872AF}"
EndProject
Project("{8BC9CEB8-8B4A-11D0-8D11-00A0C91BC942}") = "TEMA8_VORACES-I", "TEMA8_VORACES-I\TEMA8_VORACES-I.vcxproj", "{51B1E6AC-416C-4120-8E56-BCB46AD21EE7}"
EndProject
Project("{8BC9CEB8-8B4A-11D0-8D11-00A0C91BC942}") = "TEMA9_VORACES-II", "TEMA9_VORACES-II\TEMA9_VORACES-II.vcxproj", "{962071EF-686A-48AE-A146-9225C46D2DC2}"
EndProject
Global
	GlobalSection(SolutionConfigurationPlatforms) = preSolution
		Debug|x64 = Debug|x64
		Debug|x86 = Debug|x86
		Release|x64 = Release|x64
		Release|x86 = Release|x86
	EndGlobalSection
	GlobalSection(ProjectConfigurationPlatforms) = postSolution
		{25E2CAA3-D0A5-4D49-A679-4A7D42F7DBFC}.Debug|x64.ActiveCfg = Debug|x64
		{25E2CAA3-D0A5-4D49-A679-4A7D42F7DBFC}.Debug|x64.Build.0 = Debug|x64
		{25E2CAA3-D0A5-4D49-A679-4A7D42F7DBFC}.Debug|x86.ActiveCfg = Debug|Win32
		{25E2CAA3-D0A5-4D49-A679-4A7D42F7DBFC}.Debug|x86.Build.0 = Debug|Win32
		{25E2CAA3-D0A5-4D49-A679-4A7D42F7DBFC}.Release|x64.ActiveCfg = Release|x64
		{25E2CAA3-D0A5-4D49-A679-4A7D42F7DBFC}.Release|x64.Build.0 = Release|x64
		{25E2CAA3-D0A5-4D49-A679-4A7D42F7DBFC}.Release|x86.ActiveCfg = Release|Win32
		{25E2CAA3-D0A5-4D49-A679-4A7D42F7DBFC}.Release|x86.Build.0 = Release|Win32
		{39FDDDB1-C0C9-439F-B793-6108B1702920}.Debug|x64.ActiveCfg = Debug|x64
		{39FDDDB1-C0C9-439F-B793-6108B1702920}.Debug|x64.Build.0 = Debug|x64
		{39FDDDB1-C0C9-439F-B793-6108B1702920}.Debug|x86.ActiveCfg = Debug|Win32
		{39FDDDB1-C0C9-439F-B793-6108B1702920}.Debug|x86.Build.0 = Debug|Win32
		{39FDDDB1-C0C9-439F-B793-6108B1702920}.Release|x64.ActiveCfg = Release|x64
		{39FDDDB1-C0C9-439F-B793-6108B1702920}.Release|x64.Build.0 = Release|x64
		{39FDDDB1-C0C9-439F-B793-6108B1702920}.Release|x86.ActiveCfg = Release|Win32
		{39FDDDB1-C0C9-439F-B793-6108B1702920}.Release|x86.Build.0 = Release|Win32
		{97675214-8182-425C-BA0A-82B019D45234}.Debug|x64.ActiveCfg = Debug|x64
		{97675214-8182-425C-BA0A-82B019D45234}.Debug|x64.Build.0 = Debug|x64
		{97675214-8182-425C-BA0A-82B019D45234}.Debug|x86.ActiveCfg = Debug|Win32
		{97675214-8182-425C-BA0A-82B019D45234}.Debug|x86.Build.0 = Debug|Win32
		{97675214-8182-425C-BA0A-82B019D45234}.Release|x64.ActiveCfg = Release|x64
		{97675214-8182-425C-BA0A-82B019D45234}.Release|x64.Build.0 = Release|x64
		{97675214-8182-425C-BA0A-82B019D45234}.Release|x86.ActiveCfg = Release|Win32
		{97675214-8182-425C-BA0A-82B019D45234}.Release|x86.Build.0 = Release|Win32
		{994A7717-D2C7-4E51-9DBD-812B40AABBEA}.Debug|x64.ActiveCfg = Debug|x64
		{994A7717-D2C7-4E51-9DBD-812B40AABBEA}.Debug|x64.Build.0 = Debug|x64
		{994A7717-D2C7-4E51-9DBD-812B40AABBEA}.Debug|x86.ActiveCfg = Debug|Win32
		{994A7717-D2C7-4E51-9DBD-812B40AABBEA}.Debug|x86.Build.0 = Debug|Win32
		{994A7717-D2C7-4E51-9DBD-812B40AABBEA}.Release|x64.ActiveCfg = Release|x64
		{994A7717-D2C7-4E51-9DBD-812B40AABBEA}.Release|x64.Build.0 = Release|x64
		{994A7717-D2C7-4E51-9DBD-812B40AABBEA}.Release|x86.ActiveCfg = Release|Win32
		{994A7717-D2C7-4E51-9DBD-812B40AABBEA}.Release|x86.Build.0 = Release|Win32
		{E76DF058-C789-457D-A7D6-73D81462DC26}.Debug|x64.ActiveCfg = Debug|x64
		{E76DF058-C789-457D-A7D6-73D81462DC26}.Debug|x64.Build.0 = Debug|x64
		{E76DF058-C789-457D-A7D6-73D81462DC26}.Debug|x86.ActiveCfg = Debug|Win32
		{E76DF058-C789-457D-A7D6-73D81462DC26}.Debug|x86.Build.0 = Debug|Win32
		{E76DF058-C789-457D-A7D6-73D81462DC26}.Release|x64.ActiveCfg = Release|x64
		{E76DF058-C789-457D-A7D6-73D81462DC26}.Release|x64.Build.0 = Release|x64
		{E76DF058-C789-457D-A7D6-73D81462DC26}.Release|x86.ActiveCfg = Release|Win32
		{E76DF058-C789-457D-A7D6-73D81462DC26}.Release|x86.Build.0 = Release|Win32
		{56F54E0D-A0CD-4B9A-BEE2-3CA47A3872AF}.Debug|x64.ActiveCfg = Debug|x64
		{56F54E0D-A0CD-4B9A-BEE2-3CA47A3872AF}.Debug|x64.Build.0 = Debug|x64
		{56F54E0D-A0CD-4B9A-BEE2-3CA47A3872AF}.Debug|x86.ActiveCfg = Debug|Win32
		{56F54E0D-A0CD-4B9A-BEE2-3CA47A3872AF}.Debug|x86.Build.0 = Debug|Win32
		{56F54E0D-A0CD-4B9A-BEE2-3CA47A3872AF}.Release|x64.ActiveCfg = Release|x64
		{56F54E0D-A0CD-4B9A-BEE2-3CA47A3872AF}.Release|x64.Build.0 = Release|x64
		{56F54E0D-A0CD-4B9A-BEE2-3CA47A3872AF}.Release|x86.ActiveCfg = Release|Win32
		{56F54E0D-A0CD-4B9A-BEE2-3CA47A3872AF}.Release|x86.Build.0 = Release|Win32
		{51B1E6AC-416C-4120-8E56-BCB46AD21EE7}.Debug|x64.ActiveCfg = Debug|x64
		{51B1E6AC-416C-4120-8E56-BCB46AD21EE7}.Debug|x64.Build.0 = Debug|x64
		{51B1E6AC-416C-4120-8E56-BCB46AD21EE7}.Debug|x86.ActiveCfg = Debug|Win32
		{51B1E6AC-416C-4120-8E56-BCB46AD21EE7}.Debug|x86.Build.0 = Debug|Win32
		{51B1E6AC-416C-4120-8E56-BCB46AD21EE7}.Release|x64.ActiveCfg = Release|x64
		{51B1E6AC-416C-4120-8E56-BCB46AD21EE7}.Release|x64.Build.0 = Release|x64
		{51B1E6AC-416C-4120-8E56-BCB46AD21EE7}.Release|x86.ActiveCfg = Release|Win32
		{51B1E6AC-416C-4120-8E56-BCB46AD21EE7}.Release|x86.Build.0 = Release|Win32
		{962071EF-686A-48AE-A146-9225C46D2DC2}.Debug|x64.ActiveCfg = Debug|x64
		{962071EF-686A-48AE-A146-9225C46D2DC2}.Debug|x64.Build.0 = Debug|x64
		{962071EF-686A-48AE-A146-9225C46D2DC2}.Debug|x86.ActiveCfg = Debug|Win32
		{962071EF-686A-48AE-A146-9225C46D2DC2}.Debug|x86.Build.0 = Debug|Win32
		{962071EF-686A-48AE-A146-9225C46D2DC2}.Release|x64.ActiveCfg = Release|x64
		{962071EF-686A-48AE-A146-9225C46D2DC2}.Release|x64.Build.0 = Release|x64
		{962071EF-686A-48AE-A146-9225C46D2DC2}.Release|x86.ActiveCfg = Release|Win32
		{962071EF-686A-48AE-A146-9225C46D2DC2}.Release|x86.Build.0 = Release|Win32
	EndGlobalSection
	GlobalSection(SolutionProperties) = preSolution
		HideSolutionNode = FALSE
	EndGlobalSection
	GlobalSection(ExtensibilityGlobals) = postSolution
		SolutionGuid = {0110E065-893E-42B8-9C8C-CFFBD6E0C214}
	EndGlobalSection
EndGlobal
