
Microsoft Visual Studio Solution File, Format Version 12.00
# Visual Studio Version 17
VisualStudioVersion = 17.2.32630.192
MinimumVisualStudioVersion = 10.0.40219.1
Project("{8BC9CEB8-8B4A-11D0-8D11-00A0C91BC942}") = "TEMA_01", "TEMA_01\TEMA_01.vcxproj", "{44C0AF94-88F3-4E44-80F3-68906BABF223}"
EndProject
Project("{8BC9CEB8-8B4A-11D0-8D11-00A0C91BC942}") = "TEMA_02", "TEMA_02\TEMA_02.vcxproj", "{9A7ED25A-9052-4B0A-82E9-1FA56AD78F80}"
EndProject
Project("{8BC9CEB8-8B4A-11D0-8D11-00A0C91BC942}") = "TEMA_03", "TEMA_03\TEMA_03.vcxproj", "{1C96990E-7BB2-4302-BE98-B33D2BD70C97}"
EndProject
Project("{8BC9CEB8-8B4A-11D0-8D11-00A0C91BC942}") = "TEMA_04", "TEMA_04\TEMA_04.vcxproj", "{F4E56614-84C8-4A50-B023-F17D98D350BE}"
EndProject
Project("{8BC9CEB8-8B4A-11D0-8D11-00A0C91BC942}") = "TEMA_05", "TEMA_05\TEMA_05.vcxproj", "{AA96A986-B698-401F-B69E-C774712CEBD9}"
EndProject
Project("{8BC9CEB8-8B4A-11D0-8D11-00A0C91BC942}") = "TEMA_06", "TEMA_06\TEMA_06.vcxproj", "{EF1DEF9E-1BF1-463F-878E-D254C1D8DAA0}"
EndProject
Project("{8BC9CEB8-8B4A-11D0-8D11-00A0C91BC942}") = "TEMA_07", "TEMA_07\TEMA_07.vcxproj", "{BB1A5B39-D40E-40C4-B842-C4226B2E8045}"
EndProject
Project("{8BC9CEB8-8B4A-11D0-8D11-00A0C91BC942}") = "TEMA_08", "TEMA_08\TEMA_08.vcxproj", "{751159E5-2AA3-4E70-8888-F14625A3F0BA}"
EndProject
Project("{8BC9CEB8-8B4A-11D0-8D11-00A0C91BC942}") = "TEMA_09", "TEMA_09\TEMA_09.vcxproj", "{B54486AF-09F0-43BF-8748-F241ABC4EB34}"
EndProject
Project("{8BC9CEB8-8B4A-11D0-8D11-00A0C91BC942}") = "TEMA_10", "TEMA_10\TEMA_10.vcxproj", "{2ADFB8BB-325F-49BF-B4A4-E4D48AFC97B8}"
EndProject
Project("{8BC9CEB8-8B4A-11D0-8D11-00A0C91BC942}") = "TEMA_11", "TEMA_11\TEMA_11.vcxproj", "{CA9DD375-7ECD-4C98-A715-56B16120B424}"
EndProject
Project("{8BC9CEB8-8B4A-11D0-8D11-00A0C91BC942}") = "TEMA_12", "TEMA_12\TEMA_12.vcxproj", "{7B1213EA-030A-4120-9450-119E5A5F9B12}"
EndProject
Project("{8BC9CEB8-8B4A-11D0-8D11-00A0C91BC942}") = "TEMA_13", "TEMA_13\TEMA_13.vcxproj", "{21901770-C688-4132-8B42-EFCB6F8E31FF}"
EndProject
Global
	GlobalSection(SolutionConfigurationPlatforms) = preSolution
		Debug|x64 = Debug|x64
		Debug|x86 = Debug|x86
		Release|x64 = Release|x64
		Release|x86 = Release|x86
	EndGlobalSection
	GlobalSection(ProjectConfigurationPlatforms) = postSolution
		{44C0AF94-88F3-4E44-80F3-68906BABF223}.Debug|x64.ActiveCfg = Debug|x64
		{44C0AF94-88F3-4E44-80F3-68906BABF223}.Debug|x64.Build.0 = Debug|x64
		{44C0AF94-88F3-4E44-80F3-68906BABF223}.Debug|x86.ActiveCfg = Debug|Win32
		{44C0AF94-88F3-4E44-80F3-68906BABF223}.Debug|x86.Build.0 = Debug|Win32
		{44C0AF94-88F3-4E44-80F3-68906BABF223}.Release|x64.ActiveCfg = Release|x64
		{44C0AF94-88F3-4E44-80F3-68906BABF223}.Release|x64.Build.0 = Release|x64
		{44C0AF94-88F3-4E44-80F3-68906BABF223}.Release|x86.ActiveCfg = Release|Win32
		{44C0AF94-88F3-4E44-80F3-68906BABF223}.Release|x86.Build.0 = Release|Win32
		{9A7ED25A-9052-4B0A-82E9-1FA56AD78F80}.Debug|x64.ActiveCfg = Debug|x64
		{9A7ED25A-9052-4B0A-82E9-1FA56AD78F80}.Debug|x64.Build.0 = Debug|x64
		{9A7ED25A-9052-4B0A-82E9-1FA56AD78F80}.Debug|x86.ActiveCfg = Debug|Win32
		{9A7ED25A-9052-4B0A-82E9-1FA56AD78F80}.Debug|x86.Build.0 = Debug|Win32
		{9A7ED25A-9052-4B0A-82E9-1FA56AD78F80}.Release|x64.ActiveCfg = Release|x64
		{9A7ED25A-9052-4B0A-82E9-1FA56AD78F80}.Release|x64.Build.0 = Release|x64
		{9A7ED25A-9052-4B0A-82E9-1FA56AD78F80}.Release|x86.ActiveCfg = Release|Win32
		{9A7ED25A-9052-4B0A-82E9-1FA56AD78F80}.Release|x86.Build.0 = Release|Win32
		{1C96990E-7BB2-4302-BE98-B33D2BD70C97}.Debug|x64.ActiveCfg = Debug|x64
		{1C96990E-7BB2-4302-BE98-B33D2BD70C97}.Debug|x64.Build.0 = Debug|x64
		{1C96990E-7BB2-4302-BE98-B33D2BD70C97}.Debug|x86.ActiveCfg = Debug|Win32
		{1C96990E-7BB2-4302-BE98-B33D2BD70C97}.Debug|x86.Build.0 = Debug|Win32
		{1C96990E-7BB2-4302-BE98-B33D2BD70C97}.Release|x64.ActiveCfg = Release|x64
		{1C96990E-7BB2-4302-BE98-B33D2BD70C97}.Release|x64.Build.0 = Release|x64
		{1C96990E-7BB2-4302-BE98-B33D2BD70C97}.Release|x86.ActiveCfg = Release|Win32
		{1C96990E-7BB2-4302-BE98-B33D2BD70C97}.Release|x86.Build.0 = Release|Win32
		{F4E56614-84C8-4A50-B023-F17D98D350BE}.Debug|x64.ActiveCfg = Debug|x64
		{F4E56614-84C8-4A50-B023-F17D98D350BE}.Debug|x64.Build.0 = Debug|x64
		{F4E56614-84C8-4A50-B023-F17D98D350BE}.Debug|x86.ActiveCfg = Debug|Win32
		{F4E56614-84C8-4A50-B023-F17D98D350BE}.Debug|x86.Build.0 = Debug|Win32
		{F4E56614-84C8-4A50-B023-F17D98D350BE}.Release|x64.ActiveCfg = Release|x64
		{F4E56614-84C8-4A50-B023-F17D98D350BE}.Release|x64.Build.0 = Release|x64
		{F4E56614-84C8-4A50-B023-F17D98D350BE}.Release|x86.ActiveCfg = Release|Win32
		{F4E56614-84C8-4A50-B023-F17D98D350BE}.Release|x86.Build.0 = Release|Win32
		{AA96A986-B698-401F-B69E-C774712CEBD9}.Debug|x64.ActiveCfg = Debug|x64
		{AA96A986-B698-401F-B69E-C774712CEBD9}.Debug|x64.Build.0 = Debug|x64
		{AA96A986-B698-401F-B69E-C774712CEBD9}.Debug|x86.ActiveCfg = Debug|Win32
		{AA96A986-B698-401F-B69E-C774712CEBD9}.Debug|x86.Build.0 = Debug|Win32
		{AA96A986-B698-401F-B69E-C774712CEBD9}.Release|x64.ActiveCfg = Release|x64
		{AA96A986-B698-401F-B69E-C774712CEBD9}.Release|x64.Build.0 = Release|x64
		{AA96A986-B698-401F-B69E-C774712CEBD9}.Release|x86.ActiveCfg = Release|Win32
		{AA96A986-B698-401F-B69E-C774712CEBD9}.Release|x86.Build.0 = Release|Win32
		{EF1DEF9E-1BF1-463F-878E-D254C1D8DAA0}.Debug|x64.ActiveCfg = Debug|x64
		{EF1DEF9E-1BF1-463F-878E-D254C1D8DAA0}.Debug|x64.Build.0 = Debug|x64
		{EF1DEF9E-1BF1-463F-878E-D254C1D8DAA0}.Debug|x86.ActiveCfg = Debug|Win32
		{EF1DEF9E-1BF1-463F-878E-D254C1D8DAA0}.Debug|x86.Build.0 = Debug|Win32
		{EF1DEF9E-1BF1-463F-878E-D254C1D8DAA0}.Release|x64.ActiveCfg = Release|x64
		{EF1DEF9E-1BF1-463F-878E-D254C1D8DAA0}.Release|x64.Build.0 = Release|x64
		{EF1DEF9E-1BF1-463F-878E-D254C1D8DAA0}.Release|x86.ActiveCfg = Release|Win32
		{EF1DEF9E-1BF1-463F-878E-D254C1D8DAA0}.Release|x86.Build.0 = Release|Win32
		{BB1A5B39-D40E-40C4-B842-C4226B2E8045}.Debug|x64.ActiveCfg = Debug|x64
		{BB1A5B39-D40E-40C4-B842-C4226B2E8045}.Debug|x64.Build.0 = Debug|x64
		{BB1A5B39-D40E-40C4-B842-C4226B2E8045}.Debug|x86.ActiveCfg = Debug|Win32
		{BB1A5B39-D40E-40C4-B842-C4226B2E8045}.Debug|x86.Build.0 = Debug|Win32
		{BB1A5B39-D40E-40C4-B842-C4226B2E8045}.Release|x64.ActiveCfg = Release|x64
		{BB1A5B39-D40E-40C4-B842-C4226B2E8045}.Release|x64.Build.0 = Release|x64
		{BB1A5B39-D40E-40C4-B842-C4226B2E8045}.Release|x86.ActiveCfg = Release|Win32
		{BB1A5B39-D40E-40C4-B842-C4226B2E8045}.Release|x86.Build.0 = Release|Win32
		{751159E5-2AA3-4E70-8888-F14625A3F0BA}.Debug|x64.ActiveCfg = Debug|x64
		{751159E5-2AA3-4E70-8888-F14625A3F0BA}.Debug|x64.Build.0 = Debug|x64
		{751159E5-2AA3-4E70-8888-F14625A3F0BA}.Debug|x86.ActiveCfg = Debug|Win32
		{751159E5-2AA3-4E70-8888-F14625A3F0BA}.Debug|x86.Build.0 = Debug|Win32
		{751159E5-2AA3-4E70-8888-F14625A3F0BA}.Release|x64.ActiveCfg = Release|x64
		{751159E5-2AA3-4E70-8888-F14625A3F0BA}.Release|x64.Build.0 = Release|x64
		{751159E5-2AA3-4E70-8888-F14625A3F0BA}.Release|x86.ActiveCfg = Release|Win32
		{751159E5-2AA3-4E70-8888-F14625A3F0BA}.Release|x86.Build.0 = Release|Win32
		{B54486AF-09F0-43BF-8748-F241ABC4EB34}.Debug|x64.ActiveCfg = Debug|x64
		{B54486AF-09F0-43BF-8748-F241ABC4EB34}.Debug|x64.Build.0 = Debug|x64
		{B54486AF-09F0-43BF-8748-F241ABC4EB34}.Debug|x86.ActiveCfg = Debug|Win32
		{B54486AF-09F0-43BF-8748-F241ABC4EB34}.Debug|x86.Build.0 = Debug|Win32
		{B54486AF-09F0-43BF-8748-F241ABC4EB34}.Release|x64.ActiveCfg = Release|x64
		{B54486AF-09F0-43BF-8748-F241ABC4EB34}.Release|x64.Build.0 = Release|x64
		{B54486AF-09F0-43BF-8748-F241ABC4EB34}.Release|x86.ActiveCfg = Release|Win32
		{B54486AF-09F0-43BF-8748-F241ABC4EB34}.Release|x86.Build.0 = Release|Win32
		{2ADFB8BB-325F-49BF-B4A4-E4D48AFC97B8}.Debug|x64.ActiveCfg = Debug|x64
		{2ADFB8BB-325F-49BF-B4A4-E4D48AFC97B8}.Debug|x64.Build.0 = Debug|x64
		{2ADFB8BB-325F-49BF-B4A4-E4D48AFC97B8}.Debug|x86.ActiveCfg = Debug|Win32
		{2ADFB8BB-325F-49BF-B4A4-E4D48AFC97B8}.Debug|x86.Build.0 = Debug|Win32
		{2ADFB8BB-325F-49BF-B4A4-E4D48AFC97B8}.Release|x64.ActiveCfg = Release|x64
		{2ADFB8BB-325F-49BF-B4A4-E4D48AFC97B8}.Release|x64.Build.0 = Release|x64
		{2ADFB8BB-325F-49BF-B4A4-E4D48AFC97B8}.Release|x86.ActiveCfg = Release|Win32
		{2ADFB8BB-325F-49BF-B4A4-E4D48AFC97B8}.Release|x86.Build.0 = Release|Win32
		{CA9DD375-7ECD-4C98-A715-56B16120B424}.Debug|x64.ActiveCfg = Debug|x64
		{CA9DD375-7ECD-4C98-A715-56B16120B424}.Debug|x64.Build.0 = Debug|x64
		{CA9DD375-7ECD-4C98-A715-56B16120B424}.Debug|x86.ActiveCfg = Debug|Win32
		{CA9DD375-7ECD-4C98-A715-56B16120B424}.Debug|x86.Build.0 = Debug|Win32
		{CA9DD375-7ECD-4C98-A715-56B16120B424}.Release|x64.ActiveCfg = Release|x64
		{CA9DD375-7ECD-4C98-A715-56B16120B424}.Release|x64.Build.0 = Release|x64
		{CA9DD375-7ECD-4C98-A715-56B16120B424}.Release|x86.ActiveCfg = Release|Win32
		{CA9DD375-7ECD-4C98-A715-56B16120B424}.Release|x86.Build.0 = Release|Win32
		{7B1213EA-030A-4120-9450-119E5A5F9B12}.Debug|x64.ActiveCfg = Debug|x64
		{7B1213EA-030A-4120-9450-119E5A5F9B12}.Debug|x64.Build.0 = Debug|x64
		{7B1213EA-030A-4120-9450-119E5A5F9B12}.Debug|x86.ActiveCfg = Debug|Win32
		{7B1213EA-030A-4120-9450-119E5A5F9B12}.Debug|x86.Build.0 = Debug|Win32
		{7B1213EA-030A-4120-9450-119E5A5F9B12}.Release|x64.ActiveCfg = Release|x64
		{7B1213EA-030A-4120-9450-119E5A5F9B12}.Release|x64.Build.0 = Release|x64
		{7B1213EA-030A-4120-9450-119E5A5F9B12}.Release|x86.ActiveCfg = Release|Win32
		{7B1213EA-030A-4120-9450-119E5A5F9B12}.Release|x86.Build.0 = Release|Win32
		{21901770-C688-4132-8B42-EFCB6F8E31FF}.Debug|x64.ActiveCfg = Debug|x64
		{21901770-C688-4132-8B42-EFCB6F8E31FF}.Debug|x64.Build.0 = Debug|x64
		{21901770-C688-4132-8B42-EFCB6F8E31FF}.Debug|x86.ActiveCfg = Debug|Win32
		{21901770-C688-4132-8B42-EFCB6F8E31FF}.Debug|x86.Build.0 = Debug|Win32
		{21901770-C688-4132-8B42-EFCB6F8E31FF}.Release|x64.ActiveCfg = Release|x64
		{21901770-C688-4132-8B42-EFCB6F8E31FF}.Release|x64.Build.0 = Release|x64
		{21901770-C688-4132-8B42-EFCB6F8E31FF}.Release|x86.ActiveCfg = Release|Win32
		{21901770-C688-4132-8B42-EFCB6F8E31FF}.Release|x86.Build.0 = Release|Win32
	EndGlobalSection
	GlobalSection(SolutionProperties) = preSolution
		HideSolutionNode = FALSE
	EndGlobalSection
	GlobalSection(ExtensibilityGlobals) = postSolution
		SolutionGuid = {AB84FBE7-6D26-4E47-A34F-8E7F70E1ADC7}
	EndGlobalSection
EndGlobal
