
Microsoft Visual Studio Solution File, Format Version 12.00
# Visual Studio Version 16
VisualStudioVersion = 16.0.29709.97
MinimumVisualStudioVersion = 10.0.40219.1
Project("{8BC9CEB8-8B4A-11D0-8D11-00A0C91BC942}") = "18", "18\18.vcxproj", "{26A827F7-3978-4392-910F-D671AC3B8D92}"
EndProject
Project("{2150E333-8FDC-42A3-9474-1A3956D46DE8}") = "Solution Items", "Solution Items", "{214EE1C7-74DD-40C1-8583-A1BDA26B4C79}"
EndProject
Project("{8BC9CEB8-8B4A-11D0-8D11-00A0C91BC942}") = "19", "19\19.vcxproj", "{25DFFCF4-8539-44FE-8E81-827D6995DB57}"
EndProject
Project("{8BC9CEB8-8B4A-11D0-8D11-00A0C91BC942}") = "20", "20\20.vcxproj", "{47B59527-29F8-408F-BC48-3F0C4BDE5CBC}"
EndProject
Project("{8BC9CEB8-8B4A-11D0-8D11-00A0C91BC942}") = "21", "21\21.vcxproj", "{F90D3ED1-9ABF-42BA-8191-E908BAC2D658}"
EndProject
Global
	GlobalSection(SolutionConfigurationPlatforms) = preSolution
		Debug|x64 = Debug|x64
		Debug|x86 = Debug|x86
		Release|x64 = Release|x64
		Release|x86 = Release|x86
	EndGlobalSection
	GlobalSection(ProjectConfigurationPlatforms) = postSolution
		{26A827F7-3978-4392-910F-D671AC3B8D92}.Debug|x64.ActiveCfg = Debug|x64
		{26A827F7-3978-4392-910F-D671AC3B8D92}.Debug|x64.Build.0 = Debug|x64
		{26A827F7-3978-4392-910F-D671AC3B8D92}.Debug|x86.ActiveCfg = Debug|Win32
		{26A827F7-3978-4392-910F-D671AC3B8D92}.Debug|x86.Build.0 = Debug|Win32
		{26A827F7-3978-4392-910F-D671AC3B8D92}.Release|x64.ActiveCfg = Release|x64
		{26A827F7-3978-4392-910F-D671AC3B8D92}.Release|x64.Build.0 = Release|x64
		{26A827F7-3978-4392-910F-D671AC3B8D92}.Release|x86.ActiveCfg = Release|Win32
		{26A827F7-3978-4392-910F-D671AC3B8D92}.Release|x86.Build.0 = Release|Win32
		{25DFFCF4-8539-44FE-8E81-827D6995DB57}.Debug|x64.ActiveCfg = Debug|x64
		{25DFFCF4-8539-44FE-8E81-827D6995DB57}.Debug|x64.Build.0 = Debug|x64
		{25DFFCF4-8539-44FE-8E81-827D6995DB57}.Debug|x86.ActiveCfg = Debug|Win32
		{25DFFCF4-8539-44FE-8E81-827D6995DB57}.Debug|x86.Build.0 = Debug|Win32
		{25DFFCF4-8539-44FE-8E81-827D6995DB57}.Release|x64.ActiveCfg = Release|x64
		{25DFFCF4-8539-44FE-8E81-827D6995DB57}.Release|x64.Build.0 = Release|x64
		{25DFFCF4-8539-44FE-8E81-827D6995DB57}.Release|x86.ActiveCfg = Release|Win32
		{25DFFCF4-8539-44FE-8E81-827D6995DB57}.Release|x86.Build.0 = Release|Win32
		{47B59527-29F8-408F-BC48-3F0C4BDE5CBC}.Debug|x64.ActiveCfg = Debug|x64
		{47B59527-29F8-408F-BC48-3F0C4BDE5CBC}.Debug|x64.Build.0 = Debug|x64
		{47B59527-29F8-408F-BC48-3F0C4BDE5CBC}.Debug|x86.ActiveCfg = Debug|Win32
		{47B59527-29F8-408F-BC48-3F0C4BDE5CBC}.Debug|x86.Build.0 = Debug|Win32
		{47B59527-29F8-408F-BC48-3F0C4BDE5CBC}.Release|x64.ActiveCfg = Release|x64
		{47B59527-29F8-408F-BC48-3F0C4BDE5CBC}.Release|x64.Build.0 = Release|x64
		{47B59527-29F8-408F-BC48-3F0C4BDE5CBC}.Release|x86.ActiveCfg = Release|Win32
		{47B59527-29F8-408F-BC48-3F0C4BDE5CBC}.Release|x86.Build.0 = Release|Win32
		{F90D3ED1-9ABF-42BA-8191-E908BAC2D658}.Debug|x64.ActiveCfg = Debug|x64
		{F90D3ED1-9ABF-42BA-8191-E908BAC2D658}.Debug|x64.Build.0 = Debug|x64
		{F90D3ED1-9ABF-42BA-8191-E908BAC2D658}.Debug|x86.ActiveCfg = Debug|Win32
		{F90D3ED1-9ABF-42BA-8191-E908BAC2D658}.Debug|x86.Build.0 = Debug|Win32
		{F90D3ED1-9ABF-42BA-8191-E908BAC2D658}.Release|x64.ActiveCfg = Release|x64
		{F90D3ED1-9ABF-42BA-8191-E908BAC2D658}.Release|x64.Build.0 = Release|x64
		{F90D3ED1-9ABF-42BA-8191-E908BAC2D658}.Release|x86.ActiveCfg = Release|Win32
		{F90D3ED1-9ABF-42BA-8191-E908BAC2D658}.Release|x86.Build.0 = Release|Win32
	EndGlobalSection
	GlobalSection(SolutionProperties) = preSolution
		HideSolutionNode = FALSE
	EndGlobalSection
	GlobalSection(ExtensibilityGlobals) = postSolution
		SolutionGuid = {28F1DF47-AD27-4FA3-B87A-056842BA82D2}
	EndGlobalSection
EndGlobal
